
Microsoft Visual Studio Solution File, Format Version 12.00
# Visual Studio Version 17
VisualStudioVersion = 17.9.34728.123
MinimumVisualStudioVersion = 10.0.40219.1
Project("{FAE04EC0-301F-11D3-BF4B-00C04F79EFBC}") = "pryMuñozEtapa6", "pryMuñozEtapa6\pryMuñozEtapa6.csproj", "{B7177F51-8E42-4037-A83E-C4804D2CDAEB}"
EndProject
Global
	GlobalSection(SolutionConfigurationPlatforms) = preSolution
		Debug|Any CPU = Debug|Any CPU
		Release|Any CPU = Release|Any CPU
	EndGlobalSection
	GlobalSection(ProjectConfigurationPlatforms) = postSolution
		{B7177F51-8E42-4037-A83E-C4804D2CDAEB}.Debug|Any CPU.ActiveCfg = Debug|Any CPU
		{B7177F51-8E42-4037-A83E-C4804D2CDAEB}.Debug|Any CPU.Build.0 = Debug|Any CPU
		{B7177F51-8E42-4037-A83E-C4804D2CDAEB}.Release|Any CPU.ActiveCfg = Release|Any CPU
		{B7177F51-8E42-4037-A83E-C4804D2CDAEB}.Release|Any CPU.Build.0 = Release|Any CPU
	EndGlobalSection
	GlobalSection(SolutionProperties) = preSolution
		HideSolutionNode = FALSE
	EndGlobalSection
	GlobalSection(ExtensibilityGlobals) = postSolution
		SolutionGuid = {E9371345-5319-44E9-BD41-A376BCDE257D}
	EndGlobalSection
EndGlobal
